
Microsoft Visual Studio Solution File, Format Version 12.00
# Visual Studio 2013
VisualStudioVersion = 12.0.30723.0
MinimumVisualStudioVersion = 10.0.40219.1
Project("{FAE04EC0-301F-11D3-BF4B-00C04F79EFBC}") = "Home.ArrayListApp", "Home.ArrayListApp\Home.ArrayListApp.csproj", "{F42E932F-B8CC-414B-9EF1-C4EF60F70104}"
EndProject
Project("{FAE04EC0-301F-11D3-BF4B-00C04F79EFBC}") = "Home.ArrayListApp.Tests", "Home.ArrayListApp.Tests\Home.ArrayListApp.Tests.csproj", "{F945572E-B471-4EF5-A7B8-1007517879C7}"
EndProject
Project("{FAE04EC0-301F-11D3-BF4B-00C04F79EFBC}") = "ArrayListApp", "ArrayListApp\ArrayListApp.csproj", "{F5F4B361-804D-4A08-A47B-F6F6DB150572}"
EndProject
Project("{2150E333-8FDC-42A3-9474-1A3956D46DE8}") = ".nuget", ".nuget", "{95242A04-C704-418A-A011-23D21B0CA1CD}"
	ProjectSection(SolutionItems) = preProject
		.nuget\packages.config = .nuget\packages.config
	EndProjectSection
EndProject
Global
	GlobalSection(SolutionConfigurationPlatforms) = preSolution
		Debug|Any CPU = Debug|Any CPU
		Release|Any CPU = Release|Any CPU
	EndGlobalSection
	GlobalSection(ProjectConfigurationPlatforms) = postSolution
		{F42E932F-B8CC-414B-9EF1-C4EF60F70104}.Debug|Any CPU.ActiveCfg = Debug|Any CPU
		{F42E932F-B8CC-414B-9EF1-C4EF60F70104}.Debug|Any CPU.Build.0 = Debug|Any CPU
		{F42E932F-B8CC-414B-9EF1-C4EF60F70104}.Release|Any CPU.ActiveCfg = Release|Any CPU
		{F42E932F-B8CC-414B-9EF1-C4EF60F70104}.Release|Any CPU.Build.0 = Release|Any CPU
		{F945572E-B471-4EF5-A7B8-1007517879C7}.Debug|Any CPU.ActiveCfg = Debug|Any CPU
		{F945572E-B471-4EF5-A7B8-1007517879C7}.Debug|Any CPU.Build.0 = Debug|Any CPU
		{F945572E-B471-4EF5-A7B8-1007517879C7}.Release|Any CPU.ActiveCfg = Release|Any CPU
		{F945572E-B471-4EF5-A7B8-1007517879C7}.Release|Any CPU.Build.0 = Release|Any CPU
		{F5F4B361-804D-4A08-A47B-F6F6DB150572}.Debug|Any CPU.ActiveCfg = Debug|Any CPU
		{F5F4B361-804D-4A08-A47B-F6F6DB150572}.Debug|Any CPU.Build.0 = Debug|Any CPU
		{F5F4B361-804D-4A08-A47B-F6F6DB150572}.Release|Any CPU.ActiveCfg = Release|Any CPU
		{F5F4B361-804D-4A08-A47B-F6F6DB150572}.Release|Any CPU.Build.0 = Release|Any CPU
	EndGlobalSection
	GlobalSection(SolutionProperties) = preSolution
		HideSolutionNode = FALSE
	EndGlobalSection
EndGlobal
